
Microsoft Visual Studio Solution File, Format Version 12.00
# Visual Studio 15
VisualStudioVersion = 15.0.27703.2035
MinimumVisualStudioVersion = 10.0.40219.1
Project("{FAE04EC0-301F-11D3-BF4B-00C04F79EFBC}") = "Personal Calendar", "Personal Calendar\Personal Calendar.csproj", "{1452F810-CC87-4EF9-B0B1-84B67865AB40}"
EndProject
Global
	GlobalSection(SolutionConfigurationPlatforms) = preSolution
		Debug|Any CPU = Debug|Any CPU
		Release|Any CPU = Release|Any CPU
	EndGlobalSection
	GlobalSection(ProjectConfigurationPlatforms) = postSolution
		{1452F810-CC87-4EF9-B0B1-84B67865AB40}.Debug|Any CPU.ActiveCfg = Debug|Any CPU
		{1452F810-CC87-4EF9-B0B1-84B67865AB40}.Debug|Any CPU.Build.0 = Debug|Any CPU
		{1452F810-CC87-4EF9-B0B1-84B67865AB40}.Release|Any CPU.ActiveCfg = Release|Any CPU
		{1452F810-CC87-4EF9-B0B1-84B67865AB40}.Release|Any CPU.Build.0 = Release|Any CPU
	EndGlobalSection
	GlobalSection(SolutionProperties) = preSolution
		HideSolutionNode = FALSE
	EndGlobalSection
	GlobalSection(ExtensibilityGlobals) = postSolution
		SolutionGuid = {0EAF028D-0E3A-49F4-A873-4198AB14C2DD}
	EndGlobalSection
EndGlobal
